
Microsoft Visual Studio Solution File, Format Version 12.00
# Visual Studio Version 17
VisualStudioVersion = 17.3.32819.101
MinimumVisualStudioVersion = 10.0.40219.1
Project("{FAE04EC0-301F-11D3-BF4B-00C04F79EFBC}") = "Rehber", "Rehber\Rehber.csproj", "{CF44B526-6C3B-46A3-990C-1B27D88B67E3}"
EndProject
Global
	GlobalSection(SolutionConfigurationPlatforms) = preSolution
		Debug|Any CPU = Debug|Any CPU
		Release|Any CPU = Release|Any CPU
	EndGlobalSection
	GlobalSection(ProjectConfigurationPlatforms) = postSolution
		{CF44B526-6C3B-46A3-990C-1B27D88B67E3}.Debug|Any CPU.ActiveCfg = Debug|Any CPU
		{CF44B526-6C3B-46A3-990C-1B27D88B67E3}.Debug|Any CPU.Build.0 = Debug|Any CPU
		{CF44B526-6C3B-46A3-990C-1B27D88B67E3}.Release|Any CPU.ActiveCfg = Release|Any CPU
		{CF44B526-6C3B-46A3-990C-1B27D88B67E3}.Release|Any CPU.Build.0 = Release|Any CPU
	EndGlobalSection
	GlobalSection(SolutionProperties) = preSolution
		HideSolutionNode = FALSE
	EndGlobalSection
	GlobalSection(ExtensibilityGlobals) = postSolution
		SolutionGuid = {7895117B-6792-46C6-A380-ADAC4EE4677C}
	EndGlobalSection
EndGlobal
